NeoBundleLock neobundle.vim 69c65de516c8a02853743053e6602b90a1a82c8e
NeoBundleLock phpcomplete-extended 7cd1f9690a2236efb866dfe2de557099b0fceaa1
NeoBundleLock unite.vim 1b9c28991eb1909b8b0791bc732a4a7614fcce03
NeoBundleLock vim-easymotion 0806257ca6432ac7beb75c4319dadf7f3ba9907b
NeoBundleLock vimproc 18b518260b3a517bf4f3fa7e75242f8b3567c0f8
